
Microsoft Visual Studio Solution File, Format Version 12.00
# Visual Studio 15
VisualStudioVersion = 15.0.26228.86
MinimumVisualStudioVersion = 10.0.40219.1
Project("{8BC9CEB8-8B4A-11D0-8D11-00A0C91BC942}") = "Inheritance", "Inheritance\Inheritance.vcxproj", "{0454C873-D94E-4639-BFF2-A175204A6C7D}"
EndProject
Project("{8BC9CEB8-8B4A-11D0-8D11-00A0C91BC942}") = "Academy", "Academy\Academy.vcxproj", "{66FA900E-1337-427B-A49B-C5C467054761}"
EndProject
Project("{8BC9CEB8-8B4A-11D0-8D11-00A0C91BC942}") = "Files", "Files\Files.vcxproj", "{B3B1D939-3455-438E-9192-02E78E8BC383}"
EndProject
Project("{8BC9CEB8-8B4A-11D0-8D11-00A0C91BC942}") = "Abstract base class", "Abstract base class\Abstract base class.vcxproj", "{6A2ADB0E-6126-41AC-9329-1F67E2FE045B}"
EndProject
Project("{8BC9CEB8-8B4A-11D0-8D11-00A0C91BC942}") = "Geometry", "Geometry\Geometry.vcxproj", "{EA1E4C66-55FA-49EB-8C77-FDF2867F8DFF}"
EndProject
Project("{8BC9CEB8-8B4A-11D0-8D11-00A0C91BC942}") = "Abstract Geometry", "Abstract Geometry\Abstract Geometry.vcxproj", "{FF5055F9-ADF7-4286-9FC1-6622A188E0BA}"
EndProject
Global
	GlobalSection(SolutionConfigurationPlatforms) = preSolution
		Debug|x64 = Debug|x64
		Debug|x86 = Debug|x86
		Release|x64 = Release|x64
		Release|x86 = Release|x86
	EndGlobalSection
	GlobalSection(ProjectConfigurationPlatforms) = postSolution
		{0454C873-D94E-4639-BFF2-A175204A6C7D}.Debug|x64.ActiveCfg = Debug|x64
		{0454C873-D94E-4639-BFF2-A175204A6C7D}.Debug|x64.Build.0 = Debug|x64
		{0454C873-D94E-4639-BFF2-A175204A6C7D}.Debug|x86.ActiveCfg = Debug|Win32
		{0454C873-D94E-4639-BFF2-A175204A6C7D}.Debug|x86.Build.0 = Debug|Win32
		{0454C873-D94E-4639-BFF2-A175204A6C7D}.Release|x64.ActiveCfg = Release|x64
		{0454C873-D94E-4639-BFF2-A175204A6C7D}.Release|x64.Build.0 = Release|x64
		{0454C873-D94E-4639-BFF2-A175204A6C7D}.Release|x86.ActiveCfg = Release|Win32
		{0454C873-D94E-4639-BFF2-A175204A6C7D}.Release|x86.Build.0 = Release|Win32
		{66FA900E-1337-427B-A49B-C5C467054761}.Debug|x64.ActiveCfg = Debug|x64
		{66FA900E-1337-427B-A49B-C5C467054761}.Debug|x64.Build.0 = Debug|x64
		{66FA900E-1337-427B-A49B-C5C467054761}.Debug|x86.ActiveCfg = Debug|Win32
		{66FA900E-1337-427B-A49B-C5C467054761}.Debug|x86.Build.0 = Debug|Win32
		{66FA900E-1337-427B-A49B-C5C467054761}.Release|x64.ActiveCfg = Release|x64
		{66FA900E-1337-427B-A49B-C5C467054761}.Release|x64.Build.0 = Release|x64
		{66FA900E-1337-427B-A49B-C5C467054761}.Release|x86.ActiveCfg = Release|Win32
		{66FA900E-1337-427B-A49B-C5C467054761}.Release|x86.Build.0 = Release|Win32
		{B3B1D939-3455-438E-9192-02E78E8BC383}.Debug|x64.ActiveCfg = Debug|x64
		{B3B1D939-3455-438E-9192-02E78E8BC383}.Debug|x64.Build.0 = Debug|x64
		{B3B1D939-3455-438E-9192-02E78E8BC383}.Debug|x86.ActiveCfg = Debug|Win32
		{B3B1D939-3455-438E-9192-02E78E8BC383}.Debug|x86.Build.0 = Debug|Win32
		{B3B1D939-3455-438E-9192-02E78E8BC383}.Release|x64.ActiveCfg = Release|x64
		{B3B1D939-3455-438E-9192-02E78E8BC383}.Release|x64.Build.0 = Release|x64
		{B3B1D939-3455-438E-9192-02E78E8BC383}.Release|x86.ActiveCfg = Release|Win32
		{B3B1D939-3455-438E-9192-02E78E8BC383}.Release|x86.Build.0 = Release|Win32
		{6A2ADB0E-6126-41AC-9329-1F67E2FE045B}.Debug|x64.ActiveCfg = Debug|x64
		{6A2ADB0E-6126-41AC-9329-1F67E2FE045B}.Debug|x64.Build.0 = Debug|x64
		{6A2ADB0E-6126-41AC-9329-1F67E2FE045B}.Debug|x86.ActiveCfg = Debug|Win32
		{6A2ADB0E-6126-41AC-9329-1F67E2FE045B}.Debug|x86.Build.0 = Debug|Win32
		{6A2ADB0E-6126-41AC-9329-1F67E2FE045B}.Release|x64.ActiveCfg = Release|x64
		{6A2ADB0E-6126-41AC-9329-1F67E2FE045B}.Release|x64.Build.0 = Release|x64
		{6A2ADB0E-6126-41AC-9329-1F67E2FE045B}.Release|x86.ActiveCfg = Release|Win32
		{6A2ADB0E-6126-41AC-9329-1F67E2FE045B}.Release|x86.Build.0 = Release|Win32
		{EA1E4C66-55FA-49EB-8C77-FDF2867F8DFF}.Debug|x64.ActiveCfg = Debug|x64
		{EA1E4C66-55FA-49EB-8C77-FDF2867F8DFF}.Debug|x64.Build.0 = Debug|x64
		{EA1E4C66-55FA-49EB-8C77-FDF2867F8DFF}.Debug|x86.ActiveCfg = Debug|Win32
		{EA1E4C66-55FA-49EB-8C77-FDF2867F8DFF}.Debug|x86.Build.0 = Debug|Win32
		{EA1E4C66-55FA-49EB-8C77-FDF2867F8DFF}.Release|x64.ActiveCfg = Release|x64
		{EA1E4C66-55FA-49EB-8C77-FDF2867F8DFF}.Release|x64.Build.0 = Release|x64
		{EA1E4C66-55FA-49EB-8C77-FDF2867F8DFF}.Release|x86.ActiveCfg = Release|Win32
		{EA1E4C66-55FA-49EB-8C77-FDF2867F8DFF}.Release|x86.Build.0 = Release|Win32
		{FF5055F9-ADF7-4286-9FC1-6622A188E0BA}.Debug|x64.ActiveCfg = Debug|x64
		{FF5055F9-ADF7-4286-9FC1-6622A188E0BA}.Debug|x64.Build.0 = Debug|x64
		{FF5055F9-ADF7-4286-9FC1-6622A188E0BA}.Debug|x86.ActiveCfg = Debug|Win32
		{FF5055F9-ADF7-4286-9FC1-6622A188E0BA}.Debug|x86.Build.0 = Debug|Win32
		{FF5055F9-ADF7-4286-9FC1-6622A188E0BA}.Release|x64.ActiveCfg = Release|x64
		{FF5055F9-ADF7-4286-9FC1-6622A188E0BA}.Release|x64.Build.0 = Release|x64
		{FF5055F9-ADF7-4286-9FC1-6622A188E0BA}.Release|x86.ActiveCfg = Release|Win32
		{FF5055F9-ADF7-4286-9FC1-6622A188E0BA}.Release|x86.Build.0 = Release|Win32
	EndGlobalSection
	GlobalSection(SolutionProperties) = preSolution
		HideSolutionNode = FALSE
	EndGlobalSection
EndGlobal
